
Microsoft Visual Studio Solution File, Format Version 12.00
# Visual Studio 15
VisualStudioVersion = 15.0.28307.168
MinimumVisualStudioVersion = 10.0.40219.1
Project("{E24C65DC-7377-472B-9ABA-BC803B73C61A}") = "SushiLike22", ".", "{287B9DBF-8737-427B-B3BB-8F23B7AAE344}"
	ProjectSection(WebsiteProperties) = preProject
		TargetFrameworkMoniker = ".NETFramework,Version%3Dv4.0"
		Debug.AspNetCompiler.VirtualPath = "/localhost_60527"
		Debug.AspNetCompiler.PhysicalPath = "..\SushiLike22\"
		Debug.AspNetCompiler.TargetPath = "PrecompiledWeb\localhost_60527\"
		Debug.AspNetCompiler.Updateable = "true"
		Debug.AspNetCompiler.ForceOverwrite = "true"
		Debug.AspNetCompiler.FixedNames = "false"
		Debug.AspNetCompiler.Debug = "True"
		Release.AspNetCompiler.VirtualPath = "/localhost_60527"
		Release.AspNetCompiler.PhysicalPath = "..\SushiLike22\"
		Release.AspNetCompiler.TargetPath = "PrecompiledWeb\localhost_60527\"
		Release.AspNetCompiler.Updateable = "true"
		Release.AspNetCompiler.ForceOverwrite = "true"
		Release.AspNetCompiler.FixedNames = "false"
		Release.AspNetCompiler.Debug = "False"
		VWDPort = "60527"
		SlnRelativePath = "..\SushiLike22\"
	EndProjectSection
EndProject
Global
	GlobalSection(SolutionConfigurationPlatforms) = preSolution
		Debug|Any CPU = Debug|Any CPU
	EndGlobalSection
	GlobalSection(ProjectConfigurationPlatforms) = postSolution
		{287B9DBF-8737-427B-B3BB-8F23B7AAE344}.Debug|Any CPU.ActiveCfg = Debug|Any CPU
		{287B9DBF-8737-427B-B3BB-8F23B7AAE344}.Debug|Any CPU.Build.0 = Debug|Any CPU
	EndGlobalSection
	GlobalSection(SolutionProperties) = preSolution
		HideSolutionNode = FALSE
	EndGlobalSection
	GlobalSection(ExtensibilityGlobals) = postSolution
		SolutionGuid = {AD7EDE5E-70FE-4219-870F-C73A3D190F0B}
	EndGlobalSection
EndGlobal
